
Microsoft Visual Studio Solution File, Format Version 12.00
# Visual Studio 15
VisualStudioVersion = 15.0.28307.421
MinimumVisualStudioVersion = 10.0.40219.1
Project("{FAE04EC0-301F-11D3-BF4B-00C04F79EFBC}") = "ClassWork_01", "ClassWork_01\ClassWork_01.csproj", "{E7F17822-A521-4969-8EA5-D357CE896226}"
EndProject
Project("{FAE04EC0-301F-11D3-BF4B-00C04F79EFBC}") = "ClassWork_02", "ClassWork_02\ClassWork_02.csproj", "{37FAE33D-BA22-4647-800A-AB3C41E04DDB}"
EndProject
Global
	GlobalSection(SolutionConfigurationPlatforms) = preSolution
		Debug|Any CPU = Debug|Any CPU
		Release|Any CPU = Release|Any CPU
	EndGlobalSection
	GlobalSection(ProjectConfigurationPlatforms) = postSolution
		{E7F17822-A521-4969-8EA5-D357CE896226}.Debug|Any CPU.ActiveCfg = Debug|Any CPU
		{E7F17822-A521-4969-8EA5-D357CE896226}.Debug|Any CPU.Build.0 = Debug|Any CPU
		{E7F17822-A521-4969-8EA5-D357CE896226}.Release|Any CPU.ActiveCfg = Release|Any CPU
		{E7F17822-A521-4969-8EA5-D357CE896226}.Release|Any CPU.Build.0 = Release|Any CPU
		{37FAE33D-BA22-4647-800A-AB3C41E04DDB}.Debug|Any CPU.ActiveCfg = Debug|Any CPU
		{37FAE33D-BA22-4647-800A-AB3C41E04DDB}.Debug|Any CPU.Build.0 = Debug|Any CPU
		{37FAE33D-BA22-4647-800A-AB3C41E04DDB}.Release|Any CPU.ActiveCfg = Release|Any CPU
		{37FAE33D-BA22-4647-800A-AB3C41E04DDB}.Release|Any CPU.Build.0 = Release|Any CPU
	EndGlobalSection
	GlobalSection(SolutionProperties) = preSolution
		HideSolutionNode = FALSE
	EndGlobalSection
	GlobalSection(ExtensibilityGlobals) = postSolution
		SolutionGuid = {172886DF-6B7C-4141-B1EC-71297624A2D3}
	EndGlobalSection
EndGlobal
