
Microsoft Visual Studio Solution File, Format Version 12.00
# Visual Studio 15
VisualStudioVersion = 15.0.28307.421
MinimumVisualStudioVersion = 10.0.40219.1
Project("{FAE04EC0-301F-11D3-BF4B-00C04F79EFBC}") = "ClassWork_01", "ClassWork_01\ClassWork_01.csproj", "{B1E055D2-A179-4E9F-94AC-D1E699FDF687}"
EndProject
Global
	GlobalSection(SolutionConfigurationPlatforms) = preSolution
		Debug|Any CPU = Debug|Any CPU
		Release|Any CPU = Release|Any CPU
	EndGlobalSection
	GlobalSection(ProjectConfigurationPlatforms) = postSolution
		{B1E055D2-A179-4E9F-94AC-D1E699FDF687}.Debug|Any CPU.ActiveCfg = Debug|Any CPU
		{B1E055D2-A179-4E9F-94AC-D1E699FDF687}.Debug|Any CPU.Build.0 = Debug|Any CPU
		{B1E055D2-A179-4E9F-94AC-D1E699FDF687}.Release|Any CPU.ActiveCfg = Release|Any CPU
		{B1E055D2-A179-4E9F-94AC-D1E699FDF687}.Release|Any CPU.Build.0 = Release|Any CPU
	EndGlobalSection
	GlobalSection(SolutionProperties) = preSolution
		HideSolutionNode = FALSE
	EndGlobalSection
	GlobalSection(ExtensibilityGlobals) = postSolution
		SolutionGuid = {0466ECE5-A3E7-49FC-A1EC-3409A4495E87}
	EndGlobalSection
EndGlobal
