
Microsoft Visual Studio Solution File, Format Version 12.00
# Visual Studio 15
VisualStudioVersion = 15.0.28307.421
MinimumVisualStudioVersion = 10.0.40219.1
Project("{FAE04EC0-301F-11D3-BF4B-00C04F79EFBC}") = "ClassWork_5.1", "ClassWork_5.1\ClassWork_5.1.csproj", "{C0434A6B-665C-4A7B-A1E7-64EB25060C8E}"
EndProject
Project("{FAE04EC0-301F-11D3-BF4B-00C04F79EFBC}") = "ClassWork_5.2", "ClassWork_5.2\ClassWork_5.2.csproj", "{D91C451D-B5E3-48B5-89C5-F3E7F3209585}"
EndProject
Project("{FAE04EC0-301F-11D3-BF4B-00C04F79EFBC}") = "ClassWork_5.3", "ClassWork_5.3\ClassWork_5.3.csproj", "{99213EF4-55B7-4926-967A-B625E46601F4}"
EndProject
Project("{FAE04EC0-301F-11D3-BF4B-00C04F79EFBC}") = "ClassWork_5.4", "ClassWork_5.4\ClassWork_5.4.csproj", "{4C23C266-E1E2-4DEA-9FC0-ACA73C5C023B}"
EndProject
Global
	GlobalSection(SolutionConfigurationPlatforms) = preSolution
		Debug|Any CPU = Debug|Any CPU
		Release|Any CPU = Release|Any CPU
	EndGlobalSection
	GlobalSection(ProjectConfigurationPlatforms) = postSolution
		{C0434A6B-665C-4A7B-A1E7-64EB25060C8E}.Debug|Any CPU.ActiveCfg = Debug|Any CPU
		{C0434A6B-665C-4A7B-A1E7-64EB25060C8E}.Debug|Any CPU.Build.0 = Debug|Any CPU
		{C0434A6B-665C-4A7B-A1E7-64EB25060C8E}.Release|Any CPU.ActiveCfg = Release|Any CPU
		{C0434A6B-665C-4A7B-A1E7-64EB25060C8E}.Release|Any CPU.Build.0 = Release|Any CPU
		{D91C451D-B5E3-48B5-89C5-F3E7F3209585}.Debug|Any CPU.ActiveCfg = Debug|Any CPU
		{D91C451D-B5E3-48B5-89C5-F3E7F3209585}.Debug|Any CPU.Build.0 = Debug|Any CPU
		{D91C451D-B5E3-48B5-89C5-F3E7F3209585}.Release|Any CPU.ActiveCfg = Release|Any CPU
		{D91C451D-B5E3-48B5-89C5-F3E7F3209585}.Release|Any CPU.Build.0 = Release|Any CPU
		{99213EF4-55B7-4926-967A-B625E46601F4}.Debug|Any CPU.ActiveCfg = Debug|Any CPU
		{99213EF4-55B7-4926-967A-B625E46601F4}.Debug|Any CPU.Build.0 = Debug|Any CPU
		{99213EF4-55B7-4926-967A-B625E46601F4}.Release|Any CPU.ActiveCfg = Release|Any CPU
		{99213EF4-55B7-4926-967A-B625E46601F4}.Release|Any CPU.Build.0 = Release|Any CPU
		{4C23C266-E1E2-4DEA-9FC0-ACA73C5C023B}.Debug|Any CPU.ActiveCfg = Debug|Any CPU
		{4C23C266-E1E2-4DEA-9FC0-ACA73C5C023B}.Debug|Any CPU.Build.0 = Debug|Any CPU
		{4C23C266-E1E2-4DEA-9FC0-ACA73C5C023B}.Release|Any CPU.ActiveCfg = Release|Any CPU
		{4C23C266-E1E2-4DEA-9FC0-ACA73C5C023B}.Release|Any CPU.Build.0 = Release|Any CPU
	EndGlobalSection
	GlobalSection(SolutionProperties) = preSolution
		HideSolutionNode = FALSE
	EndGlobalSection
	GlobalSection(ExtensibilityGlobals) = postSolution
		SolutionGuid = {DB76BFB6-00B3-4BD5-BCED-C6E72F3F5BE7}
	EndGlobalSection
EndGlobal
