
Microsoft Visual Studio Solution File, Format Version 12.00
# Visual Studio 15
VisualStudioVersion = 15.0.28307.421
MinimumVisualStudioVersion = 10.0.40219.1
Project("{FAE04EC0-301F-11D3-BF4B-00C04F79EFBC}") = "ClassWork_01", "ClassWork_01\ClassWork_01.csproj", "{741A4A52-87F1-4E11-9956-834A88EABE6B}"
EndProject
Global
	GlobalSection(SolutionConfigurationPlatforms) = preSolution
		Debug|Any CPU = Debug|Any CPU
		Release|Any CPU = Release|Any CPU
	EndGlobalSection
	GlobalSection(ProjectConfigurationPlatforms) = postSolution
		{741A4A52-87F1-4E11-9956-834A88EABE6B}.Debug|Any CPU.ActiveCfg = Debug|Any CPU
		{741A4A52-87F1-4E11-9956-834A88EABE6B}.Debug|Any CPU.Build.0 = Debug|Any CPU
		{741A4A52-87F1-4E11-9956-834A88EABE6B}.Release|Any CPU.ActiveCfg = Release|Any CPU
		{741A4A52-87F1-4E11-9956-834A88EABE6B}.Release|Any CPU.Build.0 = Release|Any CPU
	EndGlobalSection
	GlobalSection(SolutionProperties) = preSolution
		HideSolutionNode = FALSE
	EndGlobalSection
	GlobalSection(ExtensibilityGlobals) = postSolution
		SolutionGuid = {822372C4-5969-4290-BB44-73832181A0C2}
	EndGlobalSection
EndGlobal
