
Microsoft Visual Studio Solution File, Format Version 12.00
# Visual Studio 15
VisualStudioVersion = 15.0.28307.421
MinimumVisualStudioVersion = 10.0.40219.1
Project("{FAE04EC0-301F-11D3-BF4B-00C04F79EFBC}") = "ClassWork_01", "ClassWork_01\ClassWork_01.csproj", "{3BEB49C3-EB14-40CB-877C-4D245FA583EC}"
EndProject
Global
	GlobalSection(SolutionConfigurationPlatforms) = preSolution
		Debug|Any CPU = Debug|Any CPU
		Release|Any CPU = Release|Any CPU
	EndGlobalSection
	GlobalSection(ProjectConfigurationPlatforms) = postSolution
		{3BEB49C3-EB14-40CB-877C-4D245FA583EC}.Debug|Any CPU.ActiveCfg = Debug|Any CPU
		{3BEB49C3-EB14-40CB-877C-4D245FA583EC}.Debug|Any CPU.Build.0 = Debug|Any CPU
		{3BEB49C3-EB14-40CB-877C-4D245FA583EC}.Release|Any CPU.ActiveCfg = Release|Any CPU
		{3BEB49C3-EB14-40CB-877C-4D245FA583EC}.Release|Any CPU.Build.0 = Release|Any CPU
	EndGlobalSection
	GlobalSection(SolutionProperties) = preSolution
		HideSolutionNode = FALSE
	EndGlobalSection
	GlobalSection(ExtensibilityGlobals) = postSolution
		SolutionGuid = {D22BD620-17CE-4793-A963-5753AD6D35CF}
	EndGlobalSection
EndGlobal
