
Microsoft Visual Studio Solution File, Format Version 12.00
# Visual Studio 15
VisualStudioVersion = 15.0.28307.421
MinimumVisualStudioVersion = 10.0.40219.1
Project("{FAE04EC0-301F-11D3-BF4B-00C04F79EFBC}") = "ClassWork_01", "ClassWork_01\ClassWork_01.csproj", "{79F53F82-73B2-43A5-90D0-2F0823E2A763}"
EndProject
Project("{FAE04EC0-301F-11D3-BF4B-00C04F79EFBC}") = "ClassWork_02", "ClassWork_02\ClassWork_02.csproj", "{1B0E5913-3D5A-406D-8AFE-B5D78A53141A}"
EndProject
Project("{FAE04EC0-301F-11D3-BF4B-00C04F79EFBC}") = "ClassWork_03", "ClassWork_03\ClassWork_03.csproj", "{19C064AD-846A-4AE1-AB21-165E65CBEE4A}"
EndProject
Project("{FAE04EC0-301F-11D3-BF4B-00C04F79EFBC}") = "ClassWork_04", "ClassWork_04\ClassWork_04.csproj", "{00717DE3-1840-4BA0-A6E0-273229A5720C}"
EndProject
Project("{FAE04EC0-301F-11D3-BF4B-00C04F79EFBC}") = "ClassWork_05", "ClassWork_05\ClassWork_05.csproj", "{7ED80C1F-B225-40A1-BE42-E4E50CE618D8}"
EndProject
Global
	GlobalSection(SolutionConfigurationPlatforms) = preSolution
		Debug|Any CPU = Debug|Any CPU
		Release|Any CPU = Release|Any CPU
	EndGlobalSection
	GlobalSection(ProjectConfigurationPlatforms) = postSolution
		{79F53F82-73B2-43A5-90D0-2F0823E2A763}.Debug|Any CPU.ActiveCfg = Debug|Any CPU
		{79F53F82-73B2-43A5-90D0-2F0823E2A763}.Debug|Any CPU.Build.0 = Debug|Any CPU
		{79F53F82-73B2-43A5-90D0-2F0823E2A763}.Release|Any CPU.ActiveCfg = Release|Any CPU
		{79F53F82-73B2-43A5-90D0-2F0823E2A763}.Release|Any CPU.Build.0 = Release|Any CPU
		{1B0E5913-3D5A-406D-8AFE-B5D78A53141A}.Debug|Any CPU.ActiveCfg = Debug|Any CPU
		{1B0E5913-3D5A-406D-8AFE-B5D78A53141A}.Debug|Any CPU.Build.0 = Debug|Any CPU
		{1B0E5913-3D5A-406D-8AFE-B5D78A53141A}.Release|Any CPU.ActiveCfg = Release|Any CPU
		{1B0E5913-3D5A-406D-8AFE-B5D78A53141A}.Release|Any CPU.Build.0 = Release|Any CPU
		{19C064AD-846A-4AE1-AB21-165E65CBEE4A}.Debug|Any CPU.ActiveCfg = Debug|Any CPU
		{19C064AD-846A-4AE1-AB21-165E65CBEE4A}.Debug|Any CPU.Build.0 = Debug|Any CPU
		{19C064AD-846A-4AE1-AB21-165E65CBEE4A}.Release|Any CPU.ActiveCfg = Release|Any CPU
		{19C064AD-846A-4AE1-AB21-165E65CBEE4A}.Release|Any CPU.Build.0 = Release|Any CPU
		{00717DE3-1840-4BA0-A6E0-273229A5720C}.Debug|Any CPU.ActiveCfg = Debug|Any CPU
		{00717DE3-1840-4BA0-A6E0-273229A5720C}.Debug|Any CPU.Build.0 = Debug|Any CPU
		{00717DE3-1840-4BA0-A6E0-273229A5720C}.Release|Any CPU.ActiveCfg = Release|Any CPU
		{00717DE3-1840-4BA0-A6E0-273229A5720C}.Release|Any CPU.Build.0 = Release|Any CPU
		{7ED80C1F-B225-40A1-BE42-E4E50CE618D8}.Debug|Any CPU.ActiveCfg = Debug|Any CPU
		{7ED80C1F-B225-40A1-BE42-E4E50CE618D8}.Debug|Any CPU.Build.0 = Debug|Any CPU
		{7ED80C1F-B225-40A1-BE42-E4E50CE618D8}.Release|Any CPU.ActiveCfg = Release|Any CPU
		{7ED80C1F-B225-40A1-BE42-E4E50CE618D8}.Release|Any CPU.Build.0 = Release|Any CPU
	EndGlobalSection
	GlobalSection(SolutionProperties) = preSolution
		HideSolutionNode = FALSE
	EndGlobalSection
	GlobalSection(ExtensibilityGlobals) = postSolution
		SolutionGuid = {B2CB5D0E-6376-4DFE-A438-ED1DB3236CF4}
	EndGlobalSection
EndGlobal
