
Microsoft Visual Studio Solution File, Format Version 12.00
# Visual Studio 15
VisualStudioVersion = 15.0.28307.421
MinimumVisualStudioVersion = 10.0.40219.1
Project("{FAE04EC0-301F-11D3-BF4B-00C04F79EFBC}") = "ClassWork_01", "ClassWork_01\ClassWork_01.csproj", "{CA29E42E-B456-40F7-A290-F322CBA6B232}"
EndProject
Project("{FAE04EC0-301F-11D3-BF4B-00C04F79EFBC}") = "ClassWork_02", "ClassWork_02\ClassWork_02.csproj", "{965DCF0A-A5C2-4980-896C-EBAAA263F5A8}"
EndProject
Global
	GlobalSection(SolutionConfigurationPlatforms) = preSolution
		Debug|Any CPU = Debug|Any CPU
		Release|Any CPU = Release|Any CPU
	EndGlobalSection
	GlobalSection(ProjectConfigurationPlatforms) = postSolution
		{CA29E42E-B456-40F7-A290-F322CBA6B232}.Debug|Any CPU.ActiveCfg = Debug|Any CPU
		{CA29E42E-B456-40F7-A290-F322CBA6B232}.Debug|Any CPU.Build.0 = Debug|Any CPU
		{CA29E42E-B456-40F7-A290-F322CBA6B232}.Release|Any CPU.ActiveCfg = Release|Any CPU
		{CA29E42E-B456-40F7-A290-F322CBA6B232}.Release|Any CPU.Build.0 = Release|Any CPU
		{965DCF0A-A5C2-4980-896C-EBAAA263F5A8}.Debug|Any CPU.ActiveCfg = Debug|Any CPU
		{965DCF0A-A5C2-4980-896C-EBAAA263F5A8}.Debug|Any CPU.Build.0 = Debug|Any CPU
		{965DCF0A-A5C2-4980-896C-EBAAA263F5A8}.Release|Any CPU.ActiveCfg = Release|Any CPU
		{965DCF0A-A5C2-4980-896C-EBAAA263F5A8}.Release|Any CPU.Build.0 = Release|Any CPU
	EndGlobalSection
	GlobalSection(SolutionProperties) = preSolution
		HideSolutionNode = FALSE
	EndGlobalSection
	GlobalSection(ExtensibilityGlobals) = postSolution
		SolutionGuid = {50625FDF-C9FA-4480-9132-EF9B88C5D99D}
	EndGlobalSection
EndGlobal
